// !$*UTF8*$!
{
	archiveVersion = 1;
	classes = {
	};
	objectVersion = 48;
	objects = {

/* Begin PBXBuildFile section */
		F5AA263B20235E0D00E9F195 /* AppDelegate.swift in Sources */ = {isa = PBXBuildFile; fileRef = F5AA263A20235E0D00E9F195 /* AppDelegate.swift */; };
		F5AA263D20235E0D00E9F195 /* ViewController.swift in Sources */ = {isa = PBXBuildFile; fileRef = F5AA263C20235E0D00E9F195 /* ViewController.swift */; };
		F5AA264020235E0D00E9F195 /* Main.storyboard in Resources */ = {isa = PBXBuildFile; fileRef = F5AA263E20235E0D00E9F195 /* Main.storyboard */; };
		F5AA264220235E0D00E9F195 /* Assets.xcassets in Resources */ = {isa = PBXBuildFile; fileRef = F5AA264120235E0D00E9F195 /* Assets.xcassets */; };
		F5AA264520235E0D00E9F195 /* LaunchScreen.storyboard in Resources */ = {isa = PBXBuildFile; fileRef = F5AA264320235E0D00E9F195 /* LaunchScreen.storyboard */; };
		F5AA264D2023785B00E9F195 /* SecondViewController.swift in Sources */ = {isa = PBXBuildFile; fileRef = F5AA264C2023785B00E9F195 /* SecondViewController.swift */; };
/* End PBXBuildFile section */

/* Begin PBXFileReference section */
		F5AA263720235E0D00E9F195 /* MultipleView.app */ = {isa = PBXFileReference; explicitFileType = wrapper.application; includeInIndex = 0; path = MultipleView.app; sourceTree = BUILT_PRODUCTS_DIR; };
		F5AA263A20235E0D00E9F195 /* AppDelegate.swift */ = {isa = PBXFileReference; lastKnownFileType = sourcecode.swift; path = AppDelegate.swift; sourceTree = "<group>"; };
		F5AA263C20235E0D00E9F195 /* ViewController.swift */ = {isa = PBXFileReference; lastKnownFileType = sourcecode.swift; path = ViewController.swift; sourceTree = "<group>"; };
		F5AA263F20235E0D00E9F195 /* Base */ = {isa = PBXFileReference; lastKnownFileType = file.storyboard; name = Base; path = Base.lproj/Main.storyboard; sourceTree = "<group>"; };
		F5AA264120235E0D00E9F195 /* Assets.xcassets */ = {isa = PBXFileReference; lastKnownFileType = folder.assetcatalog; path = Assets.xcassets; sourceTree = "<group>"; };
		F5AA264420235E0D00E9F195 /* Base */ = {isa = PBXFileReference; lastKnownFileType = file.storyboard; name = Base; path = Base.lproj/LaunchScreen.storyboard; sourceTree = "<group>"; };
		F5AA264620235E0D00E9F195 /* Info.plist */ = {isa = PBXFileReference; lastKnownFileType = text.plist.xml; path = Info.plist; sourceTree = "<group>"; };
		F5AA264C2023785B00E9F195 /* SecondViewController.swift */ = {isa = PBXFileReference; lastKnownFileType = sourcecode.swift; path = SecondViewController.swift; sourceTree = "<group>"; };
/* End PBXFileReference section */

/* Begin PBXFrameworksBuildPhase section */
		F5AA263420235E0D00E9F195 /* Frameworks */ = {
			isa = PBXFrameworksBuildPhase;
			buildActionMask = 2147483647;
			files = (
			);
			runOnlyForDeploymentPostprocessing = 0;
		};
/* End PBXFrameworksBuildPhase section */

/* Begin PBXGroup section */
		F5AA262E20235E0D00E9F195 = {
			isa = PBXGroup;
			children = (
				F5AA263920235E0D00E9F195 /* MultipleView */,
				F5AA263820235E0D00E9F195 /* Products */,
			);
			sourceTree = "<group>";
		};
		F5AA263820235E0D00E9F195 /* Products */ = {
			isa = PBXGroup;
			children = (
				F5AA263720235E0D00E9F195 /* MultipleView.app */,
			);
			name = Products;
			sourceTree = "<group>";
		};
		F5AA263920235E0D00E9F195 /* MultipleView */ = {
			isa = PBXGroup;
			children = (
				F5AA263A20235E0D00E9F195 /* AppDelegate.swift */,
				F5AA263C20235E0D00E9F195 /* ViewController.swift */,
				F5AA264C2023785B00E9F195 /* SecondViewController.swift */,
				F5AA263E20235E0D00E9F195 /* Main.storyboard */,
				F5AA264120235E0D00E9F195 /* Assets.xcassets */,
				F5AA264320235E0D00E9F195 /* LaunchScreen.storyboard */,
				F5AA264620235E0D00E9F195 /* Info.plist */,
			);
			path = MultipleView;
			sourceTree = "<group>";
		};
/* End PBXGroup section */

/* Begin PBXNativeTarget section */
		F5AA263620235E0D00E9F195 /* MultipleView */ = {
			isa = PBXNativeTarget;
			buildConfigurationList = F5AA264920235E0D00E9F195 /* Build configuration list for PBXNativeTarget "MultipleView" */;
			buildPhases = (
				F5AA263320235E0D00E9F195 /* Sources */,
				F5AA263420235E0D00E9F195 /* Frameworks */,
				F5AA263520235E0D00E9F195 /* Resources */,
			);
			buildRules = (
			);
			dependencies = (
			);
			name = MultipleView;
			productName = MultipleView;
			productReference = F5AA263720235E0D00E9F195 /* MultipleView.app */;
			productType = "com.apple.product-type.application";
		};
/* End PBXNativeTarget section */

/* Begin PBXProject section */
		F5AA262F20235E0D00E9F195 /* Project object */ = {
			isa = PBXProject;
			attributes = {
				LastSwiftUpdateCheck = 0920;
				LastUpgradeCheck = 0920;
				ORGANIZATIONNAME = Nalin;
				TargetAttributes = {
					F5AA263620235E0D00E9F195 = {
						CreatedOnToolsVersion = 9.2;
						ProvisioningStyle = Automatic;
					};
				};
			};
			buildConfigurationList = F5AA263220235E0D00E9F195 /* Build configuration list for PBXProject "MultipleView" */;
			compatibilityVersion = "Xcode 8.0";
			developmentRegion = en;
			hasScannedForEncodings = 0;
			knownRegions = (
				en,
				Base,
			);
			mainGroup = F5AA262E20235E0D00E9F195;
			productRefGroup = F5AA263820235E0D00E9F195 /* Products */;
			projectDirPath = "";
			projectRoot = "";
			targets = (
				F5AA263620235E0D00E9F195 /* MultipleView */,
			);
		};
/* End PBXProject section */

/* Begin PBXResourcesBuildPhase section */
		F5AA263520235E0D00E9F195 /* Resources */ = {
			isa = PBXResourcesBuildPhase;
			buildActionMask = 2147483647;
			files = (
				F5AA264520235E0D00E9F195 /* LaunchScreen.storyboard in Resources */,
				F5AA264220235E0D00E9F195 /* Assets.xcassets in Resources */,
				F5AA264020235E0D00E9F195 /* Main.storyboard in Resources */,
			);
			runOnlyForDeploymentPostprocessing = 0;
		};
/* End PBXResourcesBuildPhase section */

/* Begin PBXSourcesBuildPhase section */
		F5AA263320235E0D00E9F195 /* Sources */ = {
			isa = PBXSourcesBuildPhase;
			buildActionMask = 2147483647;
			files = (
				F5AA264D2023785B00E9F195 /* SecondViewController.swift in Sources */,
				F5AA263D20235E0D00E9F195 /* ViewController.swift in Sources */,
				F5AA263B20235E0D00E9F195 /* AppDelegate.swift in Sources */,
			);
			runOnlyForDeploymentPostprocessing = 0;
		};
/* End PBXSourcesBuildPhase section */

/* Begin PBXVariantGroup section */
		F5AA263E20235E0D00E9F195 /* Main.storyboard */ = {
			isa = PBXVariantGroup;
			children = (
				F5AA263F20235E0D00E9F195 /* Base */,
			);
			name = Main.storyboard;
			sourceTree = "<group>";
		};
		F5AA264320235E0D00E9F195 /* LaunchScreen.storyboard */ = {
			isa = PBXVariantGroup;
			children = (
				F5AA264420235E0D00E9F195 /* Base */,
			);
			name = LaunchScreen.storyboard;
			sourceTree = "<group>";
		};
/* End PBXVariantGroup section */

/* Begin XCBuildConfiguration section */
		F5AA264720235E0D00E9F195 /* Debug */ = {
			isa = XCBuildConfiguration;
			buildSettings = {
				ALWAYS_SEARCH_USER_PATHS = NO;
				CLANG_ANALYZER_NONNULL = YES;
				CLANG_ANALYZER_NUMBER_OBJECT_CONVERSION = YES_AGGRESSIVE;
				CLANG_CXX_LANGUAGE_STANDARD = "gnu++14";
				CLANG_CXX_LIBRARY = "libc++";
				CLANG_ENABLE_MODULES = YES;
				CLANG_ENABLE_OBJC_ARC = YES;
				CLANG_WARN_BLOCK_CAPTURE_AUTORELEASING = YES;
				CLANG_WARN_BOOL_CONVERSION = YES;
				CLANG_WARN_COMMA = YES;
				CLANG_WARN_CONSTANT_CONVERSION = YES;
				CLANG_WARN_DIRECT_OBJC_ISA_USAGE = YES_ERROR;
				CLANG_WARN_DOCUMENTATION_COMMENTS = YES;
				CLANG_WARN_EMPTY_BODY = YES;
				CLANG_WARN_ENUM_CONVERSION = YES;
				CLANG_WARN_INFINITE_RECURSION = YES;
				CLANG_WARN_INT_CONVERSION = YES;
				CLANG_WARN_NON_LITERAL_NULL_CONVERSION = YES;
				CLANG_WARN_OBJC_LITERAL_CONVERSION = YES;
				CLANG_WARN_OBJC_ROOT_CLASS = YES_ERROR;
				CLANG_WARN_RANGE_LOOP_ANALYSIS = YES;
				CLANG_WARN_STRICT_PROTOTYPES = YES;
				CLANG_WARN_SUSPICIOUS_MOVE = YES;
				CLANG_WARN_UNGUARDED_AVAILABILITY = YES_AGGRESSIVE;
				CLANG_WARN_UNREACHABLE_CODE = YES;
				CLANG_WARN__DUPLICATE_METHOD_MATCH = YES;
				CODE_SIGN_IDENTITY = "iPhone Developer";
				COPY_PHASE_STRIP = NO;
				DEBUG_INFORMATION_FORMAT = dwarf;
				ENABLE_STRICT_OBJC_MSGSEND = YES;
				ENABLE_TESTABILITY = YES;
				GCC_C_LANGUAGE_STANDARD = gnu11;
				GCC_DYNAMIC_NO_PIC = NO;
				GCC_NO_COMMON_BLOCKS = YES;
				GCC_OPTIMIZATION_LEVEL = 0;
				GCC_PREPROCESSOR_DEFINITIONS = (
					"DEBUG=1",
					"$(inherited)",
				);
				GCC_WARN_64_TO_32_BIT_CONVERSION = YES;
				GCC_WARN_ABOUT_RETURN_TYPE = YES_ERROR;
				GCC_WARN_UNDECLARED_SELECTOR = YES;
				GCC_WARN_UNINITIALIZED_AUTOS = YES_AGGRESSIVE;
				GCC_WARN_UNUSED_FUNCTION = YES;
				GCC_WARN_UNUSED_VARIABLE = YES;
				IPHONEOS_DEPLOYMENT_TARGET = 11.2;
				MTL_ENABLE_DEBUG_INFO = YES;
				ONLY_ACTIVE_ARCH = YES;
				SDKROOT = iphoneos;
				SWIFT_ACTIVE_COMPILATION_CONDITIONS = DEBUG;
				SWIFT_OPTIMIZATION_LEVEL = "-Onone";
			};
			name = Debug;
		};
		F5AA264820235E0D00E9F195 /* Release */ = {
			isa = XCBuildConfiguration;
			buildSettings = {
				ALWAYS_SEARCH_USER_PATHS = NO;
				CLANG_ANALYZER_NONNULL = YES;
				CLANG_ANALYZER_NUMBER_OBJECT_CONVERSION = YES_AGGRESSIVE;
				CLANG_CXX_LANGUAGE_STANDARD = "gnu++14";
				CLANG_CXX_LIBRARY = "libc++";
				CLANG_ENABLE_MODULES = YES;
				CLANG_ENABLE_OBJC_ARC = YES;
				CLANG_WARN_BLOCK_CAPTURE_AUTORELEASING = YES;
				CLANG_WARN_BOOL_CONVERSION = YES;
				CLANG_WARN_COMMA = YES;
				CLANG_WARN_CONSTANT_CONVERSION = YES;
				CLANG_WARN_DIRECT_OBJC_ISA_USAGE = YES_ERROR;
				CLANG_WARN_DOCUMENTATION_COMMENTS = YES;
				CLANG_WARN_EMPTY_BODY = YES;
				CLANG_WARN_ENUM_CONVERSION = YES;
				CLANG_WARN_INFINITE_RECURSION = YES;
				CLANG_WARN_INT_CONVERSION = YES;
				CLANG_WARN_NON_LITERAL_NULL_CONVERSION = YES;
				CLANG_WARN_OBJC_LITERAL_CONVERSION = YES;
				CLANG_WARN_OBJC_ROOT_CLASS = YES_ERROR;
				CLANG_WARN_RANGE_LOOP_ANALYSIS = YES;
				CLANG_WARN_STRICT_PROTOTYPES = YES;
				CLANG_WARN_SUSPICIOUS_MOVE = YES;
				CLANG_WARN_UNGUARDED_AVAILABILITY = YES_AGGRESSIVE;
				CLANG_WARN_UNREACHABLE_CODE = YES;
				CLANG_WARN__DUPLICATE_METHOD_MATCH = YES;
				CODE_SIGN_IDENTITY = "iPhone Developer";
				COPY_PHASE_STRIP = NO;
				DEBUG_INFORMATION_FORMAT = "dwarf-with-dsym";
				ENABLE_NS_ASSERTIONS = NO;
				ENABLE_STRICT_OBJC_MSGSEND = YES;
				GCC_C_LANGUAGE_STANDARD = gnu11;
				GCC_NO_COMMON_BLOCKS = YES;
				GCC_WARN_64_TO_32_BIT_CONVERSION = YES;
				GCC_WARN_ABOUT_RETURN_TYPE = YES_ERROR;
				GCC_WARN_UNDECLARED_SELECTOR = YES;
				GCC_WARN_UNINITIALIZED_AUTOS = YES_AGGRESSIVE;
				GCC_WARN_UNUSED_FUNCTION = YES;
				GCC_WARN_UNUSED_VARIABLE = YES;
				IPHONEOS_DEPLOYMENT_TARGET = 11.2;
				MTL_ENABLE_DEBUG_INFO = NO;
				SDKROOT = iphoneos;
				SWIFT_OPTIMIZATION_LEVEL = "-Owholemodule";
				VALIDATE_PRODUCT = YES;
			};
			name = Release;
		};
		F5AA264A20235E0D00E9F195 /* Debug */ = {
			isa = XCBuildConfiguration;
			buildSettings = {
				ASSETCATALOG_COMPILER_APPICON_NAME = AppIcon;
				CODE_SIGN_STYLE = Automatic;
				INFOPLIST_FILE = MultipleView/Info.plist;
				LD_RUNPATH_SEARCH_PATHS = "$(inherited) @executable_path/Frameworks";
				PRODUCT_BUNDLE_IDENTIFIER = com.nvdevelopers.MultipleView;
				PRODUCT_NAME = "$(TARGET_NAME)";
				SWIFT_VERSION = 4.0;
				TARGETED_DEVICE_FAMILY = "1,2";
			};
			name = Debug;
		};
		F5AA264B20235E0D00E9F195 /* Release */ = {
			isa = XCBuildConfiguration;
			buildSettings = {
				ASSETCATALOG_COMPILER_APPICON_NAME = AppIcon;
				CODE_SIGN_STYLE = Automatic;
				INFOPLIST_FILE = MultipleView/Info.plist;
				LD_RUNPATH_SEARCH_PATHS = "$(inherited) @executable_path/Frameworks";
				PRODUCT_BUNDLE_IDENTIFIER = com.nvdevelopers.MultipleView;
				PRODUCT_NAME = "$(TARGET_NAME)";
				SWIFT_VERSION = 4.0;
				TARGETED_DEVICE_FAMILY = "1,2";
			};
			name = Release;
		};
/* End XCBuildConfiguration section */

/* Begin XCConfigurationList section */
		F5AA263220235E0D00E9F195 /* Build configuration list for PBXProject "MultipleView" */ = {
			isa = XCConfigurationList;
			buildConfigurations = (
				F5AA264720235E0D00E9F195 /* Debug */,
				F5AA264820235E0D00E9F195 /* Release */,
			);
			defaultConfigurationIsVisible = 0;
			defaultConfigurationName = Release;
		};
		F5AA264920235E0D00E9F195 /* Build configuration list for PBXNativeTarget "MultipleView" */ = {
			isa = XCConfigurationList;
			buildConfigurations = (
				F5AA264A20235E0D00E9F195 /* Debug */,
				F5AA264B20235E0D00E9F195 /* Release */,
			);
			defaultConfigurationIsVisible = 0;
			defaultConfigurationName = Release;
		};
/* End XCConfigurationList section */
	};
	rootObject = F5AA262F20235E0D00E9F195 /* Project object */;
}
