// !$*UTF8*$!
{
	archiveVersion = 1;
	classes = {
	};
	objectVersion = 48;
	objects = {

/* Begin PBXBuildFile section */
		F5DD2DB9202CB768001ADAAF /* AppDelegate.swift in Sources */ = {isa = PBXBuildFile; fileRef = F5DD2DB8202CB768001ADAAF /* AppDelegate.swift */; };
		F5DD2DBB202CB768001ADAAF /* ViewController.swift in Sources */ = {isa = PBXBuildFile; fileRef = F5DD2DBA202CB768001ADAAF /* ViewController.swift */; };
		F5DD2DBE202CB768001ADAAF /* Main.storyboard in Resources */ = {isa = PBXBuildFile; fileRef = F5DD2DBC202CB768001ADAAF /* Main.storyboard */; };
		F5DD2DC0202CB768001ADAAF /* Assets.xcassets in Resources */ = {isa = PBXBuildFile; fileRef = F5DD2DBF202CB768001ADAAF /* Assets.xcassets */; };
		F5DD2DC3202CB768001ADAAF /* LaunchScreen.storyboard in Resources */ = {isa = PBXBuildFile; fileRef = F5DD2DC1202CB768001ADAAF /* LaunchScreen.storyboard */; };
		F5DD2DCC202CB8F7001ADAAF /* WebKit.framework in Frameworks */ = {isa = PBXBuildFile; fileRef = F5DD2DCB202CB8F7001ADAAF /* WebKit.framework */; };
/* End PBXBuildFile section */

/* Begin PBXFileReference section */
		F5DD2DB5202CB768001ADAAF /* UIWebViews.app */ = {isa = PBXFileReference; explicitFileType = wrapper.application; includeInIndex = 0; path = UIWebViews.app; sourceTree = BUILT_PRODUCTS_DIR; };
		F5DD2DB8202CB768001ADAAF /* AppDelegate.swift */ = {isa = PBXFileReference; lastKnownFileType = sourcecode.swift; path = AppDelegate.swift; sourceTree = "<group>"; };
		F5DD2DBA202CB768001ADAAF /* ViewController.swift */ = {isa = PBXFileReference; lastKnownFileType = sourcecode.swift; path = ViewController.swift; sourceTree = "<group>"; };
		F5DD2DBD202CB768001ADAAF /* Base */ = {isa = PBXFileReference; lastKnownFileType = file.storyboard; name = Base; path = Base.lproj/Main.storyboard; sourceTree = "<group>"; };
		F5DD2DBF202CB768001ADAAF /* Assets.xcassets */ = {isa = PBXFileReference; lastKnownFileType = folder.assetcatalog; path = Assets.xcassets; sourceTree = "<group>"; };
		F5DD2DC2202CB768001ADAAF /* Base */ = {isa = PBXFileReference; lastKnownFileType = file.storyboard; name = Base; path = Base.lproj/LaunchScreen.storyboard; sourceTree = "<group>"; };
		F5DD2DC4202CB768001ADAAF /* Info.plist */ = {isa = PBXFileReference; lastKnownFileType = text.plist.xml; path = Info.plist; sourceTree = "<group>"; };
		F5DD2DCB202CB8F7001ADAAF /* WebKit.framework */ = {isa = PBXFileReference; lastKnownFileType = wrapper.framework; name = WebKit.framework; path = System/Library/Frameworks/WebKit.framework; sourceTree = SDKROOT; };
/* End PBXFileReference section */

/* Begin PBXFrameworksBuildPhase section */
		F5DD2DB2202CB768001ADAAF /* Frameworks */ = {
			isa = PBXFrameworksBuildPhase;
			buildActionMask = 2147483647;
			files = (
				F5DD2DCC202CB8F7001ADAAF /* WebKit.framework in Frameworks */,
			);
			runOnlyForDeploymentPostprocessing = 0;
		};
/* End PBXFrameworksBuildPhase section */

/* Begin PBXGroup section */
		F5DD2DAC202CB768001ADAAF = {
			isa = PBXGroup;
			children = (
				F5DD2DB7202CB768001ADAAF /* UIWebViews */,
				F5DD2DB6202CB768001ADAAF /* Products */,
				F5DD2DCA202CB8F7001ADAAF /* Frameworks */,
			);
			sourceTree = "<group>";
		};
		F5DD2DB6202CB768001ADAAF /* Products */ = {
			isa = PBXGroup;
			children = (
				F5DD2DB5202CB768001ADAAF /* UIWebViews.app */,
			);
			name = Products;
			sourceTree = "<group>";
		};
		F5DD2DB7202CB768001ADAAF /* UIWebViews */ = {
			isa = PBXGroup;
			children = (
				F5DD2DB8202CB768001ADAAF /* AppDelegate.swift */,
				F5DD2DBA202CB768001ADAAF /* ViewController.swift */,
				F5DD2DBC202CB768001ADAAF /* Main.storyboard */,
				F5DD2DBF202CB768001ADAAF /* Assets.xcassets */,
				F5DD2DC1202CB768001ADAAF /* LaunchScreen.storyboard */,
				F5DD2DC4202CB768001ADAAF /* Info.plist */,
			);
			path = UIWebViews;
			sourceTree = "<group>";
		};
		F5DD2DCA202CB8F7001ADAAF /* Frameworks */ = {
			isa = PBXGroup;
			children = (
				F5DD2DCB202CB8F7001ADAAF /* WebKit.framework */,
			);
			name = Frameworks;
			sourceTree = "<group>";
		};
/* End PBXGroup section */

/* Begin PBXNativeTarget section */
		F5DD2DB4202CB768001ADAAF /* UIWebViews */ = {
			isa = PBXNativeTarget;
			buildConfigurationList = F5DD2DC7202CB768001ADAAF /* Build configuration list for PBXNativeTarget "UIWebViews" */;
			buildPhases = (
				F5DD2DB1202CB768001ADAAF /* Sources */,
				F5DD2DB2202CB768001ADAAF /* Frameworks */,
				F5DD2DB3202CB768001ADAAF /* Resources */,
			);
			buildRules = (
			);
			dependencies = (
			);
			name = UIWebViews;
			productName = UIWebViews;
			productReference = F5DD2DB5202CB768001ADAAF /* UIWebViews.app */;
			productType = "com.apple.product-type.application";
		};
/* End PBXNativeTarget section */

/* Begin PBXProject section */
		F5DD2DAD202CB768001ADAAF /* Project object */ = {
			isa = PBXProject;
			attributes = {
				LastSwiftUpdateCheck = 0920;
				LastUpgradeCheck = 0920;
				ORGANIZATIONNAME = Nalin;
				TargetAttributes = {
					F5DD2DB4202CB768001ADAAF = {
						CreatedOnToolsVersion = 9.2;
						ProvisioningStyle = Automatic;
					};
				};
			};
			buildConfigurationList = F5DD2DB0202CB768001ADAAF /* Build configuration list for PBXProject "UIWebViews" */;
			compatibilityVersion = "Xcode 8.0";
			developmentRegion = en;
			hasScannedForEncodings = 0;
			knownRegions = (
				en,
				Base,
			);
			mainGroup = F5DD2DAC202CB768001ADAAF;
			productRefGroup = F5DD2DB6202CB768001ADAAF /* Products */;
			projectDirPath = "";
			projectRoot = "";
			targets = (
				F5DD2DB4202CB768001ADAAF /* UIWebViews */,
			);
		};
/* End PBXProject section */

/* Begin PBXResourcesBuildPhase section */
		F5DD2DB3202CB768001ADAAF /* Resources */ = {
			isa = PBXResourcesBuildPhase;
			buildActionMask = 2147483647;
			files = (
				F5DD2DC3202CB768001ADAAF /* LaunchScreen.storyboard in Resources */,
				F5DD2DC0202CB768001ADAAF /* Assets.xcassets in Resources */,
				F5DD2DBE202CB768001ADAAF /* Main.storyboard in Resources */,
			);
			runOnlyForDeploymentPostprocessing = 0;
		};
/* End PBXResourcesBuildPhase section */

/* Begin PBXSourcesBuildPhase section */
		F5DD2DB1202CB768001ADAAF /* Sources */ = {
			isa = PBXSourcesBuildPhase;
			buildActionMask = 2147483647;
			files = (
				F5DD2DBB202CB768001ADAAF /* ViewController.swift in Sources */,
				F5DD2DB9202CB768001ADAAF /* AppDelegate.swift in Sources */,
			);
			runOnlyForDeploymentPostprocessing = 0;
		};
/* End PBXSourcesBuildPhase section */

/* Begin PBXVariantGroup section */
		F5DD2DBC202CB768001ADAAF /* Main.storyboard */ = {
			isa = PBXVariantGroup;
			children = (
				F5DD2DBD202CB768001ADAAF /* Base */,
			);
			name = Main.storyboard;
			sourceTree = "<group>";
		};
		F5DD2DC1202CB768001ADAAF /* LaunchScreen.storyboard */ = {
			isa = PBXVariantGroup;
			children = (
				F5DD2DC2202CB768001ADAAF /* Base */,
			);
			name = LaunchScreen.storyboard;
			sourceTree = "<group>";
		};
/* End PBXVariantGroup section */

/* Begin XCBuildConfiguration section */
		F5DD2DC5202CB768001ADAAF /* Debug */ = {
			isa = XCBuildConfiguration;
			buildSettings = {
				ALWAYS_SEARCH_USER_PATHS = NO;
				CLANG_ANALYZER_NONNULL = YES;
				CLANG_ANALYZER_NUMBER_OBJECT_CONVERSION = YES_AGGRESSIVE;
				CLANG_CXX_LANGUAGE_STANDARD = "gnu++14";
				CLANG_CXX_LIBRARY = "libc++";
				CLANG_ENABLE_MODULES = YES;
				CLANG_ENABLE_OBJC_ARC = YES;
				CLANG_WARN_BLOCK_CAPTURE_AUTORELEASING = YES;
				CLANG_WARN_BOOL_CONVERSION = YES;
				CLANG_WARN_COMMA = YES;
				CLANG_WARN_CONSTANT_CONVERSION = YES;
				CLANG_WARN_DIRECT_OBJC_ISA_USAGE = YES_ERROR;
				CLANG_WARN_DOCUMENTATION_COMMENTS = YES;
				CLANG_WARN_EMPTY_BODY = YES;
				CLANG_WARN_ENUM_CONVERSION = YES;
				CLANG_WARN_INFINITE_RECURSION = YES;
				CLANG_WARN_INT_CONVERSION = YES;
				CLANG_WARN_NON_LITERAL_NULL_CONVERSION = YES;
				CLANG_WARN_OBJC_LITERAL_CONVERSION = YES;
				CLANG_WARN_OBJC_ROOT_CLASS = YES_ERROR;
				CLANG_WARN_RANGE_LOOP_ANALYSIS = YES;
				CLANG_WARN_STRICT_PROTOTYPES = YES;
				CLANG_WARN_SUSPICIOUS_MOVE = YES;
				CLANG_WARN_UNGUARDED_AVAILABILITY = YES_AGGRESSIVE;
				CLANG_WARN_UNREACHABLE_CODE = YES;
				CLANG_WARN__DUPLICATE_METHOD_MATCH = YES;
				CODE_SIGN_IDENTITY = "iPhone Developer";
				COPY_PHASE_STRIP = NO;
				DEBUG_INFORMATION_FORMAT = dwarf;
				ENABLE_STRICT_OBJC_MSGSEND = YES;
				ENABLE_TESTABILITY = YES;
				GCC_C_LANGUAGE_STANDARD = gnu11;
				GCC_DYNAMIC_NO_PIC = NO;
				GCC_NO_COMMON_BLOCKS = YES;
				GCC_OPTIMIZATION_LEVEL = 0;
				GCC_PREPROCESSOR_DEFINITIONS = (
					"DEBUG=1",
					"$(inherited)",
				);
				GCC_WARN_64_TO_32_BIT_CONVERSION = YES;
				GCC_WARN_ABOUT_RETURN_TYPE = YES_ERROR;
				GCC_WARN_UNDECLARED_SELECTOR = YES;
				GCC_WARN_UNINITIALIZED_AUTOS = YES_AGGRESSIVE;
				GCC_WARN_UNUSED_FUNCTION = YES;
				GCC_WARN_UNUSED_VARIABLE = YES;
				IPHONEOS_DEPLOYMENT_TARGET = 11.2;
				MTL_ENABLE_DEBUG_INFO = YES;
				ONLY_ACTIVE_ARCH = YES;
				SDKROOT = iphoneos;
				SWIFT_ACTIVE_COMPILATION_CONDITIONS = DEBUG;
				SWIFT_OPTIMIZATION_LEVEL = "-Onone";
			};
			name = Debug;
		};
		F5DD2DC6202CB768001ADAAF /* Release */ = {
			isa = XCBuildConfiguration;
			buildSettings = {
				ALWAYS_SEARCH_USER_PATHS = NO;
				CLANG_ANALYZER_NONNULL = YES;
				CLANG_ANALYZER_NUMBER_OBJECT_CONVERSION = YES_AGGRESSIVE;
				CLANG_CXX_LANGUAGE_STANDARD = "gnu++14";
				CLANG_CXX_LIBRARY = "libc++";
				CLANG_ENABLE_MODULES = YES;
				CLANG_ENABLE_OBJC_ARC = YES;
				CLANG_WARN_BLOCK_CAPTURE_AUTORELEASING = YES;
				CLANG_WARN_BOOL_CONVERSION = YES;
				CLANG_WARN_COMMA = YES;
				CLANG_WARN_CONSTANT_CONVERSION = YES;
				CLANG_WARN_DIRECT_OBJC_ISA_USAGE = YES_ERROR;
				CLANG_WARN_DOCUMENTATION_COMMENTS = YES;
				CLANG_WARN_EMPTY_BODY = YES;
				CLANG_WARN_ENUM_CONVERSION = YES;
				CLANG_WARN_INFINITE_RECURSION = YES;
				CLANG_WARN_INT_CONVERSION = YES;
				CLANG_WARN_NON_LITERAL_NULL_CONVERSION = YES;
				CLANG_WARN_OBJC_LITERAL_CONVERSION = YES;
				CLANG_WARN_OBJC_ROOT_CLASS = YES_ERROR;
				CLANG_WARN_RANGE_LOOP_ANALYSIS = YES;
				CLANG_WARN_STRICT_PROTOTYPES = YES;
				CLANG_WARN_SUSPICIOUS_MOVE = YES;
				CLANG_WARN_UNGUARDED_AVAILABILITY = YES_AGGRESSIVE;
				CLANG_WARN_UNREACHABLE_CODE = YES;
				CLANG_WARN__DUPLICATE_METHOD_MATCH = YES;
				CODE_SIGN_IDENTITY = "iPhone Developer";
				COPY_PHASE_STRIP = NO;
				DEBUG_INFORMATION_FORMAT = "dwarf-with-dsym";
				ENABLE_NS_ASSERTIONS = NO;
				ENABLE_STRICT_OBJC_MSGSEND = YES;
				GCC_C_LANGUAGE_STANDARD = gnu11;
				GCC_NO_COMMON_BLOCKS = YES;
				GCC_WARN_64_TO_32_BIT_CONVERSION = YES;
				GCC_WARN_ABOUT_RETURN_TYPE = YES_ERROR;
				GCC_WARN_UNDECLARED_SELECTOR = YES;
				GCC_WARN_UNINITIALIZED_AUTOS = YES_AGGRESSIVE;
				GCC_WARN_UNUSED_FUNCTION = YES;
				GCC_WARN_UNUSED_VARIABLE = YES;
				IPHONEOS_DEPLOYMENT_TARGET = 11.2;
				MTL_ENABLE_DEBUG_INFO = NO;
				SDKROOT = iphoneos;
				SWIFT_OPTIMIZATION_LEVEL = "-Owholemodule";
				VALIDATE_PRODUCT = YES;
			};
			name = Release;
		};
		F5DD2DC8202CB768001ADAAF /* Debug */ = {
			isa = XCBuildConfiguration;
			buildSettings = {
				ASSETCATALOG_COMPILER_APPICON_NAME = AppIcon;
				CODE_SIGN_STYLE = Automatic;
				INFOPLIST_FILE = UIWebViews/Info.plist;
				LD_RUNPATH_SEARCH_PATHS = "$(inherited) @executable_path/Frameworks";
				PRODUCT_BUNDLE_IDENTIFIER = com.nvdevelopers.UIWebViews;
				PRODUCT_NAME = "$(TARGET_NAME)";
				SWIFT_VERSION = 4.0;
				TARGETED_DEVICE_FAMILY = "1,2";
			};
			name = Debug;
		};
		F5DD2DC9202CB768001ADAAF /* Release */ = {
			isa = XCBuildConfiguration;
			buildSettings = {
				ASSETCATALOG_COMPILER_APPICON_NAME = AppIcon;
				CODE_SIGN_STYLE = Automatic;
				INFOPLIST_FILE = UIWebViews/Info.plist;
				LD_RUNPATH_SEARCH_PATHS = "$(inherited) @executable_path/Frameworks";
				PRODUCT_BUNDLE_IDENTIFIER = com.nvdevelopers.UIWebViews;
				PRODUCT_NAME = "$(TARGET_NAME)";
				SWIFT_VERSION = 4.0;
				TARGETED_DEVICE_FAMILY = "1,2";
			};
			name = Release;
		};
/* End XCBuildConfiguration section */

/* Begin XCConfigurationList section */
		F5DD2DB0202CB768001ADAAF /* Build configuration list for PBXProject "UIWebViews" */ = {
			isa = XCConfigurationList;
			buildConfigurations = (
				F5DD2DC5202CB768001ADAAF /* Debug */,
				F5DD2DC6202CB768001ADAAF /* Release */,
			);
			defaultConfigurationIsVisible = 0;
			defaultConfigurationName = Release;
		};
		F5DD2DC7202CB768001ADAAF /* Build configuration list for PBXNativeTarget "UIWebViews" */ = {
			isa = XCConfigurationList;
			buildConfigurations = (
				F5DD2DC8202CB768001ADAAF /* Debug */,
				F5DD2DC9202CB768001ADAAF /* Release */,
			);
			defaultConfigurationIsVisible = 0;
			defaultConfigurationName = Release;
		};
/* End XCConfigurationList section */
	};
	rootObject = F5DD2DAD202CB768001ADAAF /* Project object */;
}
