// !$*UTF8*$!
{
	archiveVersion = 1;
	classes = {
	};
	objectVersion = 48;
	objects = {

/* Begin PBXBuildFile section */
		F508B1E42035DE210051D0BF /* AppDelegate.swift in Sources */ = {isa = PBXBuildFile; fileRef = F508B1E32035DE210051D0BF /* AppDelegate.swift */; };
		F508B1E62035DE210051D0BF /* ViewController.swift in Sources */ = {isa = PBXBuildFile; fileRef = F508B1E52035DE210051D0BF /* ViewController.swift */; };
		F508B1E92035DE210051D0BF /* Main.storyboard in Resources */ = {isa = PBXBuildFile; fileRef = F508B1E72035DE210051D0BF /* Main.storyboard */; };
		F508B1EB2035DE210051D0BF /* Assets.xcassets in Resources */ = {isa = PBXBuildFile; fileRef = F508B1EA2035DE210051D0BF /* Assets.xcassets */; };
		F508B1EE2035DE210051D0BF /* LaunchScreen.storyboard in Resources */ = {isa = PBXBuildFile; fileRef = F508B1EC2035DE210051D0BF /* LaunchScreen.storyboard */; };
		F53CA0762052F6F800ECBBD5 /* helper.swift in Sources */ = {isa = PBXBuildFile; fileRef = F53CA0752052F6F800ECBBD5 /* helper.swift */; };
		F56500F22038420F0099956C /* ProfileViewController.swift in Sources */ = {isa = PBXBuildFile; fileRef = F56500F12038420F0099956C /* ProfileViewController.swift */; };
		F56500F42038423B0099956C /* UploadPhotoViewController.swift in Sources */ = {isa = PBXBuildFile; fileRef = F56500F32038423B0099956C /* UploadPhotoViewController.swift */; };
		F56500F6203842530099956C /* RulesViewController.swift in Sources */ = {isa = PBXBuildFile; fileRef = F56500F5203842530099956C /* RulesViewController.swift */; };
		F56500F8203842640099956C /* AboutUsViewController.swift in Sources */ = {isa = PBXBuildFile; fileRef = F56500F7203842640099956C /* AboutUsViewController.swift */; };
		F56500FA203842820099956C /* EditProfileViewController.swift in Sources */ = {isa = PBXBuildFile; fileRef = F56500F9203842820099956C /* EditProfileViewController.swift */; };
		F5AA12712037556A008F85AC /* ForgotPasswordViewController.swift in Sources */ = {isa = PBXBuildFile; fileRef = F5AA12702037556A008F85AC /* ForgotPasswordViewController.swift */; };
		F5AA127320375585008F85AC /* SignUpViewController.swift in Sources */ = {isa = PBXBuildFile; fileRef = F5AA127220375585008F85AC /* SignUpViewController.swift */; };
		F5AA78DC2053A70600035B44 /* UserProfileTabViewController.swift in Sources */ = {isa = PBXBuildFile; fileRef = F5AA78DB2053A70600035B44 /* UserProfileTabViewController.swift */; };
		F5C55D762047204E000C67B6 /* chayavishkarlogo.png in Resources */ = {isa = PBXBuildFile; fileRef = F5C55D752047204E000C67B6 /* chayavishkarlogo.png */; };
		F5F0B728205C3C4200EC140A /* stjsgm.jpg in Resources */ = {isa = PBXBuildFile; fileRef = F5F0B727205C3C4100EC140A /* stjsgm.jpg */; };
/* End PBXBuildFile section */

/* Begin PBXFileReference section */
		F508B1E02035DE210051D0BF /* Chayavishkar.app */ = {isa = PBXFileReference; explicitFileType = wrapper.application; includeInIndex = 0; path = Chayavishkar.app; sourceTree = BUILT_PRODUCTS_DIR; };
		F508B1E32035DE210051D0BF /* AppDelegate.swift */ = {isa = PBXFileReference; lastKnownFileType = sourcecode.swift; path = AppDelegate.swift; sourceTree = "<group>"; };
		F508B1E52035DE210051D0BF /* ViewController.swift */ = {isa = PBXFileReference; lastKnownFileType = sourcecode.swift; path = ViewController.swift; sourceTree = "<group>"; };
		F508B1E82035DE210051D0BF /* Base */ = {isa = PBXFileReference; lastKnownFileType = file.storyboard; name = Base; path = Base.lproj/Main.storyboard; sourceTree = "<group>"; };
		F508B1EA2035DE210051D0BF /* Assets.xcassets */ = {isa = PBXFileReference; lastKnownFileType = folder.assetcatalog; path = Assets.xcassets; sourceTree = "<group>"; };
		F508B1ED2035DE210051D0BF /* Base */ = {isa = PBXFileReference; lastKnownFileType = file.storyboard; name = Base; path = Base.lproj/LaunchScreen.storyboard; sourceTree = "<group>"; };
		F508B1EF2035DE210051D0BF /* Info.plist */ = {isa = PBXFileReference; lastKnownFileType = text.plist.xml; path = Info.plist; sourceTree = "<group>"; };
		F53CA0752052F6F800ECBBD5 /* helper.swift */ = {isa = PBXFileReference; fileEncoding = 4; lastKnownFileType = sourcecode.swift; name = helper.swift; path = ../../LoginApp/LoginApp/helper.swift; sourceTree = "<group>"; };
		F56500F12038420F0099956C /* ProfileViewController.swift */ = {isa = PBXFileReference; lastKnownFileType = sourcecode.swift; path = ProfileViewController.swift; sourceTree = "<group>"; };
		F56500F32038423B0099956C /* UploadPhotoViewController.swift */ = {isa = PBXFileReference; lastKnownFileType = sourcecode.swift; path = UploadPhotoViewController.swift; sourceTree = "<group>"; };
		F56500F5203842530099956C /* RulesViewController.swift */ = {isa = PBXFileReference; lastKnownFileType = sourcecode.swift; path = RulesViewController.swift; sourceTree = "<group>"; };
		F56500F7203842640099956C /* AboutUsViewController.swift */ = {isa = PBXFileReference; lastKnownFileType = sourcecode.swift; path = AboutUsViewController.swift; sourceTree = "<group>"; };
		F56500F9203842820099956C /* EditProfileViewController.swift */ = {isa = PBXFileReference; lastKnownFileType = sourcecode.swift; path = EditProfileViewController.swift; sourceTree = "<group>"; };
		F5AA12702037556A008F85AC /* ForgotPasswordViewController.swift */ = {isa = PBXFileReference; lastKnownFileType = sourcecode.swift; path = ForgotPasswordViewController.swift; sourceTree = "<group>"; };
		F5AA127220375585008F85AC /* SignUpViewController.swift */ = {isa = PBXFileReference; lastKnownFileType = sourcecode.swift; path = SignUpViewController.swift; sourceTree = "<group>"; };
		F5AA78DB2053A70600035B44 /* UserProfileTabViewController.swift */ = {isa = PBXFileReference; lastKnownFileType = sourcecode.swift; path = UserProfileTabViewController.swift; sourceTree = "<group>"; };
		F5C55D752047204E000C67B6 /* chayavishkarlogo.png */ = {isa = PBXFileReference; lastKnownFileType = image.png; name = chayavishkarlogo.png; path = "../../../../Android-Projects/Chayavishkar/app/src/main/res/drawable/chayavishkarlogo.png"; sourceTree = "<group>"; };
		F5F0B727205C3C4100EC140A /* stjsgm.jpg */ = {isa = PBXFileReference; lastKnownFileType = image.jpeg; name = stjsgm.jpg; path = "../../../../Android-Projects/Chayavishkar/app/src/main/res/drawable/stjsgm.jpg"; sourceTree = "<group>"; };
/* End PBXFileReference section */

/* Begin PBXFrameworksBuildPhase section */
		F508B1DD2035DE210051D0BF /* Frameworks */ = {
			isa = PBXFrameworksBuildPhase;
			buildActionMask = 2147483647;
			files = (
			);
			runOnlyForDeploymentPostprocessing = 0;
		};
/* End PBXFrameworksBuildPhase section */

/* Begin PBXGroup section */
		F508B1D72035DE210051D0BF = {
			isa = PBXGroup;
			children = (
				F508B1E22035DE210051D0BF /* Chayavishkar */,
				F508B1E12035DE210051D0BF /* Products */,
			);
			sourceTree = "<group>";
		};
		F508B1E12035DE210051D0BF /* Products */ = {
			isa = PBXGroup;
			children = (
				F508B1E02035DE210051D0BF /* Chayavishkar.app */,
			);
			name = Products;
			sourceTree = "<group>";
		};
		F508B1E22035DE210051D0BF /* Chayavishkar */ = {
			isa = PBXGroup;
			children = (
				F508B1E32035DE210051D0BF /* AppDelegate.swift */,
				F508B1E52035DE210051D0BF /* ViewController.swift */,
				F56500F12038420F0099956C /* ProfileViewController.swift */,
				F56500F32038423B0099956C /* UploadPhotoViewController.swift */,
				F56500F5203842530099956C /* RulesViewController.swift */,
				F56500F7203842640099956C /* AboutUsViewController.swift */,
				F56500F9203842820099956C /* EditProfileViewController.swift */,
				F508B1E72035DE210051D0BF /* Main.storyboard */,
				F5AA78DB2053A70600035B44 /* UserProfileTabViewController.swift */,
				F5C55D752047204E000C67B6 /* chayavishkarlogo.png */,
				F5F0B727205C3C4100EC140A /* stjsgm.jpg */,
				F5AA12702037556A008F85AC /* ForgotPasswordViewController.swift */,
				F53CA0752052F6F800ECBBD5 /* helper.swift */,
				F5AA127220375585008F85AC /* SignUpViewController.swift */,
				F508B1EA2035DE210051D0BF /* Assets.xcassets */,
				F508B1EC2035DE210051D0BF /* LaunchScreen.storyboard */,
				F508B1EF2035DE210051D0BF /* Info.plist */,
			);
			path = Chayavishkar;
			sourceTree = "<group>";
		};
/* End PBXGroup section */

/* Begin PBXNativeTarget section */
		F508B1DF2035DE210051D0BF /* Chayavishkar */ = {
			isa = PBXNativeTarget;
			buildConfigurationList = F508B1F22035DE210051D0BF /* Build configuration list for PBXNativeTarget "Chayavishkar" */;
			buildPhases = (
				F508B1DC2035DE210051D0BF /* Sources */,
				F508B1DD2035DE210051D0BF /* Frameworks */,
				F508B1DE2035DE210051D0BF /* Resources */,
			);
			buildRules = (
			);
			dependencies = (
			);
			name = Chayavishkar;
			productName = Chayavishkar;
			productReference = F508B1E02035DE210051D0BF /* Chayavishkar.app */;
			productType = "com.apple.product-type.application";
		};
/* End PBXNativeTarget section */

/* Begin PBXProject section */
		F508B1D82035DE210051D0BF /* Project object */ = {
			isa = PBXProject;
			attributes = {
				LastSwiftUpdateCheck = 0920;
				LastUpgradeCheck = 0920;
				ORGANIZATIONNAME = Nalin;
				TargetAttributes = {
					F508B1DF2035DE210051D0BF = {
						CreatedOnToolsVersion = 9.2;
						ProvisioningStyle = Automatic;
					};
				};
			};
			buildConfigurationList = F508B1DB2035DE210051D0BF /* Build configuration list for PBXProject "Chayavishkar" */;
			compatibilityVersion = "Xcode 8.0";
			developmentRegion = en;
			hasScannedForEncodings = 0;
			knownRegions = (
				en,
				Base,
			);
			mainGroup = F508B1D72035DE210051D0BF;
			productRefGroup = F508B1E12035DE210051D0BF /* Products */;
			projectDirPath = "";
			projectRoot = "";
			targets = (
				F508B1DF2035DE210051D0BF /* Chayavishkar */,
			);
		};
/* End PBXProject section */

/* Begin PBXResourcesBuildPhase section */
		F508B1DE2035DE210051D0BF /* Resources */ = {
			isa = PBXResourcesBuildPhase;
			buildActionMask = 2147483647;
			files = (
				F508B1EE2035DE210051D0BF /* LaunchScreen.storyboard in Resources */,
				F508B1EB2035DE210051D0BF /* Assets.xcassets in Resources */,
				F5C55D762047204E000C67B6 /* chayavishkarlogo.png in Resources */,
				F508B1E92035DE210051D0BF /* Main.storyboard in Resources */,
				F5F0B728205C3C4200EC140A /* stjsgm.jpg in Resources */,
			);
			runOnlyForDeploymentPostprocessing = 0;
		};
/* End PBXResourcesBuildPhase section */

/* Begin PBXSourcesBuildPhase section */
		F508B1DC2035DE210051D0BF /* Sources */ = {
			isa = PBXSourcesBuildPhase;
			buildActionMask = 2147483647;
			files = (
				F5AA78DC2053A70600035B44 /* UserProfileTabViewController.swift in Sources */,
				F56500F8203842640099956C /* AboutUsViewController.swift in Sources */,
				F56500F6203842530099956C /* RulesViewController.swift in Sources */,
				F5AA12712037556A008F85AC /* ForgotPasswordViewController.swift in Sources */,
				F53CA0762052F6F800ECBBD5 /* helper.swift in Sources */,
				F508B1E62035DE210051D0BF /* ViewController.swift in Sources */,
				F56500F22038420F0099956C /* ProfileViewController.swift in Sources */,
				F508B1E42035DE210051D0BF /* AppDelegate.swift in Sources */,
				F56500F42038423B0099956C /* UploadPhotoViewController.swift in Sources */,
				F5AA127320375585008F85AC /* SignUpViewController.swift in Sources */,
				F56500FA203842820099956C /* EditProfileViewController.swift in Sources */,
			);
			runOnlyForDeploymentPostprocessing = 0;
		};
/* End PBXSourcesBuildPhase section */

/* Begin PBXVariantGroup section */
		F508B1E72035DE210051D0BF /* Main.storyboard */ = {
			isa = PBXVariantGroup;
			children = (
				F508B1E82035DE210051D0BF /* Base */,
			);
			name = Main.storyboard;
			sourceTree = "<group>";
		};
		F508B1EC2035DE210051D0BF /* LaunchScreen.storyboard */ = {
			isa = PBXVariantGroup;
			children = (
				F508B1ED2035DE210051D0BF /* Base */,
			);
			name = LaunchScreen.storyboard;
			sourceTree = "<group>";
		};
/* End PBXVariantGroup section */

/* Begin XCBuildConfiguration section */
		F508B1F02035DE210051D0BF /* Debug */ = {
			isa = XCBuildConfiguration;
			buildSettings = {
				ALWAYS_SEARCH_USER_PATHS = NO;
				CLANG_ANALYZER_NONNULL = YES;
				CLANG_ANALYZER_NUMBER_OBJECT_CONVERSION = YES_AGGRESSIVE;
				CLANG_CXX_LANGUAGE_STANDARD = "gnu++14";
				CLANG_CXX_LIBRARY = "libc++";
				CLANG_ENABLE_MODULES = YES;
				CLANG_ENABLE_OBJC_ARC = YES;
				CLANG_WARN_BLOCK_CAPTURE_AUTORELEASING = YES;
				CLANG_WARN_BOOL_CONVERSION = YES;
				CLANG_WARN_COMMA = YES;
				CLANG_WARN_CONSTANT_CONVERSION = YES;
				CLANG_WARN_DIRECT_OBJC_ISA_USAGE = YES_ERROR;
				CLANG_WARN_DOCUMENTATION_COMMENTS = YES;
				CLANG_WARN_EMPTY_BODY = YES;
				CLANG_WARN_ENUM_CONVERSION = YES;
				CLANG_WARN_INFINITE_RECURSION = YES;
				CLANG_WARN_INT_CONVERSION = YES;
				CLANG_WARN_NON_LITERAL_NULL_CONVERSION = YES;
				CLANG_WARN_OBJC_LITERAL_CONVERSION = YES;
				CLANG_WARN_OBJC_ROOT_CLASS = YES_ERROR;
				CLANG_WARN_RANGE_LOOP_ANALYSIS = YES;
				CLANG_WARN_STRICT_PROTOTYPES = YES;
				CLANG_WARN_SUSPICIOUS_MOVE = YES;
				CLANG_WARN_UNGUARDED_AVAILABILITY = YES_AGGRESSIVE;
				CLANG_WARN_UNREACHABLE_CODE = YES;
				CLANG_WARN__DUPLICATE_METHOD_MATCH = YES;
				CODE_SIGN_IDENTITY = "iPhone Developer";
				COPY_PHASE_STRIP = NO;
				DEBUG_INFORMATION_FORMAT = dwarf;
				ENABLE_STRICT_OBJC_MSGSEND = YES;
				ENABLE_TESTABILITY = YES;
				GCC_C_LANGUAGE_STANDARD = gnu11;
				GCC_DYNAMIC_NO_PIC = NO;
				GCC_NO_COMMON_BLOCKS = YES;
				GCC_OPTIMIZATION_LEVEL = 0;
				GCC_PREPROCESSOR_DEFINITIONS = (
					"DEBUG=1",
					"$(inherited)",
				);
				GCC_WARN_64_TO_32_BIT_CONVERSION = YES;
				GCC_WARN_ABOUT_RETURN_TYPE = YES_ERROR;
				GCC_WARN_UNDECLARED_SELECTOR = YES;
				GCC_WARN_UNINITIALIZED_AUTOS = YES_AGGRESSIVE;
				GCC_WARN_UNUSED_FUNCTION = YES;
				GCC_WARN_UNUSED_VARIABLE = YES;
				IPHONEOS_DEPLOYMENT_TARGET = 11.2;
				MTL_ENABLE_DEBUG_INFO = YES;
				ONLY_ACTIVE_ARCH = YES;
				SDKROOT = iphoneos;
				SWIFT_ACTIVE_COMPILATION_CONDITIONS = DEBUG;
				SWIFT_OPTIMIZATION_LEVEL = "-Onone";
			};
			name = Debug;
		};
		F508B1F12035DE210051D0BF /* Release */ = {
			isa = XCBuildConfiguration;
			buildSettings = {
				ALWAYS_SEARCH_USER_PATHS = NO;
				CLANG_ANALYZER_NONNULL = YES;
				CLANG_ANALYZER_NUMBER_OBJECT_CONVERSION = YES_AGGRESSIVE;
				CLANG_CXX_LANGUAGE_STANDARD = "gnu++14";
				CLANG_CXX_LIBRARY = "libc++";
				CLANG_ENABLE_MODULES = YES;
				CLANG_ENABLE_OBJC_ARC = YES;
				CLANG_WARN_BLOCK_CAPTURE_AUTORELEASING = YES;
				CLANG_WARN_BOOL_CONVERSION = YES;
				CLANG_WARN_COMMA = YES;
				CLANG_WARN_CONSTANT_CONVERSION = YES;
				CLANG_WARN_DIRECT_OBJC_ISA_USAGE = YES_ERROR;
				CLANG_WARN_DOCUMENTATION_COMMENTS = YES;
				CLANG_WARN_EMPTY_BODY = YES;
				CLANG_WARN_ENUM_CONVERSION = YES;
				CLANG_WARN_INFINITE_RECURSION = YES;
				CLANG_WARN_INT_CONVERSION = YES;
				CLANG_WARN_NON_LITERAL_NULL_CONVERSION = YES;
				CLANG_WARN_OBJC_LITERAL_CONVERSION = YES;
				CLANG_WARN_OBJC_ROOT_CLASS = YES_ERROR;
				CLANG_WARN_RANGE_LOOP_ANALYSIS = YES;
				CLANG_WARN_STRICT_PROTOTYPES = YES;
				CLANG_WARN_SUSPICIOUS_MOVE = YES;
				CLANG_WARN_UNGUARDED_AVAILABILITY = YES_AGGRESSIVE;
				CLANG_WARN_UNREACHABLE_CODE = YES;
				CLANG_WARN__DUPLICATE_METHOD_MATCH = YES;
				CODE_SIGN_IDENTITY = "iPhone Developer";
				COPY_PHASE_STRIP = NO;
				DEBUG_INFORMATION_FORMAT = "dwarf-with-dsym";
				ENABLE_NS_ASSERTIONS = NO;
				ENABLE_STRICT_OBJC_MSGSEND = YES;
				GCC_C_LANGUAGE_STANDARD = gnu11;
				GCC_NO_COMMON_BLOCKS = YES;
				GCC_WARN_64_TO_32_BIT_CONVERSION = YES;
				GCC_WARN_ABOUT_RETURN_TYPE = YES_ERROR;
				GCC_WARN_UNDECLARED_SELECTOR = YES;
				GCC_WARN_UNINITIALIZED_AUTOS = YES_AGGRESSIVE;
				GCC_WARN_UNUSED_FUNCTION = YES;
				GCC_WARN_UNUSED_VARIABLE = YES;
				IPHONEOS_DEPLOYMENT_TARGET = 11.2;
				MTL_ENABLE_DEBUG_INFO = NO;
				SDKROOT = iphoneos;
				SWIFT_OPTIMIZATION_LEVEL = "-Owholemodule";
				VALIDATE_PRODUCT = YES;
			};
			name = Release;
		};
		F508B1F32035DE210051D0BF /* Debug */ = {
			isa = XCBuildConfiguration;
			buildSettings = {
				ASSETCATALOG_COMPILER_APPICON_NAME = AppIcon;
				CODE_SIGN_STYLE = Automatic;
				INFOPLIST_FILE = Chayavishkar/Info.plist;
				LD_RUNPATH_SEARCH_PATHS = "$(inherited) @executable_path/Frameworks";
				PRODUCT_BUNDLE_IDENTIFIER = com.nvdevelopers.Chayavishkar;
				PRODUCT_NAME = "$(TARGET_NAME)";
				SWIFT_VERSION = 4.0;
				TARGETED_DEVICE_FAMILY = "1,2";
			};
			name = Debug;
		};
		F508B1F42035DE210051D0BF /* Release */ = {
			isa = XCBuildConfiguration;
			buildSettings = {
				ASSETCATALOG_COMPILER_APPICON_NAME = AppIcon;
				CODE_SIGN_STYLE = Automatic;
				INFOPLIST_FILE = Chayavishkar/Info.plist;
				LD_RUNPATH_SEARCH_PATHS = "$(inherited) @executable_path/Frameworks";
				PRODUCT_BUNDLE_IDENTIFIER = com.nvdevelopers.Chayavishkar;
				PRODUCT_NAME = "$(TARGET_NAME)";
				SWIFT_VERSION = 4.0;
				TARGETED_DEVICE_FAMILY = "1,2";
			};
			name = Release;
		};
/* End XCBuildConfiguration section */

/* Begin XCConfigurationList section */
		F508B1DB2035DE210051D0BF /* Build configuration list for PBXProject "Chayavishkar" */ = {
			isa = XCConfigurationList;
			buildConfigurations = (
				F508B1F02035DE210051D0BF /* Debug */,
				F508B1F12035DE210051D0BF /* Release */,
			);
			defaultConfigurationIsVisible = 0;
			defaultConfigurationName = Release;
		};
		F508B1F22035DE210051D0BF /* Build configuration list for PBXNativeTarget "Chayavishkar" */ = {
			isa = XCConfigurationList;
			buildConfigurations = (
				F508B1F32035DE210051D0BF /* Debug */,
				F508B1F42035DE210051D0BF /* Release */,
			);
			defaultConfigurationIsVisible = 0;
			defaultConfigurationName = Release;
		};
/* End XCConfigurationList section */
	};
	rootObject = F508B1D82035DE210051D0BF /* Project object */;
}
